// !$*UTF8*$!
{
	archiveVersion = 1;
	classes = {
	};
	objectVersion = 46;
	objects = {

/* Begin PBXBuildFile section */
		381143251B1CCFCE00EAFFA3 /* main.m in Sources */ = {isa = PBXBuildFile; fileRef = 381143241B1CCFCE00EAFFA3 /* main.m */; };
		381143281B1CCFCE00EAFFA3 /* AppDelegate.m in Sources */ = {isa = PBXBuildFile; fileRef = 381143271B1CCFCE00EAFFA3 /* AppDelegate.m */; };
		3811432B1B1CCFCE00EAFFA3 /* ViewController.m in Sources */ = {isa = PBXBuildFile; fileRef = 3811432A1B1CCFCE00EAFFA3 /* ViewController.m */; };
		3811432E1B1CCFCE00EAFFA3 /* Main.storyboard in Resources */ = {isa = PBXBuildFile; fileRef = 3811432C1B1CCFCE00EAFFA3 /* Main.storyboard */; };
		381143301B1CCFCE00EAFFA3 /* Images.xcassets in Resources */ = {isa = PBXBuildFile; fileRef = 3811432F1B1CCFCE00EAFFA3 /* Images.xcassets */; };
		381143331B1CCFCE00EAFFA3 /* LaunchScreen.xib in Resources */ = {isa = PBXBuildFile; fileRef = 381143311B1CCFCE00EAFFA3 /* LaunchScreen.xib */; };
		3811433F1B1CCFCE00EAFFA3 /* BirdyCatchv1Tests.m in Sources */ = {isa = PBXBuildFile; fileRef = 3811433E1B1CCFCE00EAFFA3 /* BirdyCatchv1Tests.m */; };
		381143491B1CCFE900EAFFA3 /* SpriteKit.framework in Frameworks */ = {isa = PBXBuildFile; fileRef = 381143481B1CCFE900EAFFA3 /* SpriteKit.framework */; };
		3886B2B81B1E3B85009C6BFA /* StartScene.m in Sources */ = {isa = PBXBuildFile; fileRef = 3886B2B71B1E3B85009C6BFA /* StartScene.m */; };
		3886B2BE1B1E3E5B009C6BFA /* GameScene.m in Sources */ = {isa = PBXBuildFile; fileRef = 3886B2BD1B1E3E5B009C6BFA /* GameScene.m */; };
		3886B2C81B1E3F69009C6BFA /* birdy_green.png in Resources */ = {isa = PBXBuildFile; fileRef = 3886B2C11B1E3F69009C6BFA /* birdy_green.png */; };
		3886B3081B1F2BDB009C6BFA /* green_grass.jpg in Resources */ = {isa = PBXBuildFile; fileRef = 3886B3071B1F2BDB009C6BFA /* green_grass.jpg */; };
		3886B30A1B1F2D9D009C6BFA /* cloudyBG.jpg in Resources */ = {isa = PBXBuildFile; fileRef = 3886B3091B1F2D9D009C6BFA /* cloudyBG.jpg */; };
		3886B3181B2088B2009C6BFA /* webbing.png in Resources */ = {isa = PBXBuildFile; fileRef = 3886B3171B2088B2009C6BFA /* webbing.png */; };
		3886B31F1B208A90009C6BFA /* bulletSound.mp3 in Resources */ = {isa = PBXBuildFile; fileRef = 3886B31E1B208A90009C6BFA /* bulletSound.mp3 */; };
		3886B3211B208C48009C6BFA /* backgroundMusic.mp3 in Resources */ = {isa = PBXBuildFile; fileRef = 3886B3201B208C48009C6BFA /* backgroundMusic.mp3 */; };
		3886B3231B208D3E009C6BFA /* contact.mp3 in Resources */ = {isa = PBXBuildFile; fileRef = 3886B3221B208D3E009C6BFA /* contact.mp3 */; };
		3886B3251B2096B4009C6BFA /* BackgroundBirdyCatchv1.png in Resources */ = {isa = PBXBuildFile; fileRef = 3886B3241B2096B4009C6BFA /* BackgroundBirdyCatchv1.png */; };
		3886B3271B209B6B009C6BFA /* hunter.png in Resources */ = {isa = PBXBuildFile; fileRef = 3886B3261B209B6B009C6BFA /* hunter.png */; };
/* End PBXBuildFile section */

/* Begin PBXContainerItemProxy section */
		381143391B1CCFCE00EAFFA3 /* PBXContainerItemProxy */ = {
			isa = PBXContainerItemProxy;
			containerPortal = 381143171B1CCFCE00EAFFA3 /* Project object */;
			proxyType = 1;
			remoteGlobalIDString = 3811431E1B1CCFCE00EAFFA3;
			remoteInfo = BirdyCatchv1;
		};
/* End PBXContainerItemProxy section */

/* Begin PBXFileReference section */
		3811431F1B1CCFCE00EAFFA3 /* BirdyCatchv1.app */ = {isa = PBXFileReference; explicitFileType = wrapper.application; includeInIndex = 0; path = BirdyCatchv1.app; sourceTree = BUILT_PRODUCTS_DIR; };
		381143231B1CCFCE00EAFFA3 /* Info.plist */ = {isa = PBXFileReference; lastKnownFileType = text.plist.xml; path = Info.plist; sourceTree = "<group>"; };
		381143241B1CCFCE00EAFFA3 /* main.m */ = {isa = PBXFileReference; lastKnownFileType = sourcecode.c.objc; path = main.m; sourceTree = "<group>"; };
		381143261B1CCFCE00EAFFA3 /* AppDelegate.h */ = {isa = PBXFileReference; lastKnownFileType = sourcecode.c.h; path = AppDelegate.h; sourceTree = "<group>"; };
		381143271B1CCFCE00EAFFA3 /* AppDelegate.m */ = {isa = PBXFileReference; lastKnownFileType = sourcecode.c.objc; path = AppDelegate.m; sourceTree = "<group>"; };
		381143291B1CCFCE00EAFFA3 /* ViewController.h */ = {isa = PBXFileReference; lastKnownFileType = sourcecode.c.h; path = ViewController.h; sourceTree = "<group>"; };
		3811432A1B1CCFCE00EAFFA3 /* ViewController.m */ = {isa = PBXFileReference; lastKnownFileType = sourcecode.c.objc; path = ViewController.m; sourceTree = "<group>"; };
		3811432D1B1CCFCE00EAFFA3 /* Base */ = {isa = PBXFileReference; lastKnownFileType = file.storyboard; name = Base; path = Base.lproj/Main.storyboard; sourceTree = "<group>"; };
		3811432F1B1CCFCE00EAFFA3 /* Images.xcassets */ = {isa = PBXFileReference; lastKnownFileType = folder.assetcatalog; path = Images.xcassets; sourceTree = "<group>"; };
		381143321B1CCFCE00EAFFA3 /* Base */ = {isa = PBXFileReference; lastKnownFileType = file.xib; name = Base; path = Base.lproj/LaunchScreen.xib; sourceTree = "<group>"; };
		381143381B1CCFCE00EAFFA3 /* BirdyCatchv1Tests.xctest */ = {isa = PBXFileReference; explicitFileType = wrapper.cfbundle; includeInIndex = 0; path = BirdyCatchv1Tests.xctest; sourceTree = BUILT_PRODUCTS_DIR; };
		3811433D1B1CCFCE00EAFFA3 /* Info.plist */ = {isa = PBXFileReference; lastKnownFileType = text.plist.xml; path = Info.plist; sourceTree = "<group>"; };
		3811433E1B1CCFCE00EAFFA3 /* BirdyCatchv1Tests.m */ = {isa = PBXFileReference; lastKnownFileType = sourcecode.c.objc; path = BirdyCatchv1Tests.m; sourceTree = "<group>"; };
		381143481B1CCFE900EAFFA3 /* SpriteKit.framework */ = {isa = PBXFileReference; lastKnownFileType = wrapper.framework; name = SpriteKit.framework; path = System/Library/Frameworks/SpriteKit.framework; sourceTree = SDKROOT; };
		3886B2B61B1E3B85009C6BFA /* StartScene.h */ = {isa = PBXFileReference; fileEncoding = 4; lastKnownFileType = sourcecode.c.h; path = StartScene.h; sourceTree = "<group>"; };
		3886B2B71B1E3B85009C6BFA /* StartScene.m */ = {isa = PBXFileReference; fileEncoding = 4; lastKnownFileType = sourcecode.c.objc; path = StartScene.m; sourceTree = "<group>"; };
		3886B2BC1B1E3E5B009C6BFA /* GameScene.h */ = {isa = PBXFileReference; fileEncoding = 4; lastKnownFileType = sourcecode.c.h; path = GameScene.h; sourceTree = "<group>"; };
		3886B2BD1B1E3E5B009C6BFA /* GameScene.m */ = {isa = PBXFileReference; fileEncoding = 4; lastKnownFileType = sourcecode.c.objc; path = GameScene.m; sourceTree = "<group>"; };
		3886B2C11B1E3F69009C6BFA /* birdy_green.png */ = {isa = PBXFileReference; lastKnownFileType = image.png; path = birdy_green.png; sourceTree = "<group>"; };
		3886B3071B1F2BDB009C6BFA /* green_grass.jpg */ = {isa = PBXFileReference; lastKnownFileType = image.jpeg; path = green_grass.jpg; sourceTree = "<group>"; };
		3886B3091B1F2D9D009C6BFA /* cloudyBG.jpg */ = {isa = PBXFileReference; lastKnownFileType = image.jpeg; path = cloudyBG.jpg; sourceTree = "<group>"; };
		3886B3171B2088B2009C6BFA /* webbing.png */ = {isa = PBXFileReference; lastKnownFileType = image.png; path = webbing.png; sourceTree = "<group>"; };
		3886B31E1B208A90009C6BFA /* bulletSound.mp3 */ = {isa = PBXFileReference; lastKnownFileType = audio.mp3; path = bulletSound.mp3; sourceTree = "<group>"; };
		3886B3201B208C48009C6BFA /* backgroundMusic.mp3 */ = {isa = PBXFileReference; lastKnownFileType = audio.mp3; path = backgroundMusic.mp3; sourceTree = "<group>"; };
		3886B3221B208D3E009C6BFA /* contact.mp3 */ = {isa = PBXFileReference; lastKnownFileType = audio.mp3; path = contact.mp3; sourceTree = "<group>"; };
		3886B3241B2096B4009C6BFA /* BackgroundBirdyCatchv1.png */ = {isa = PBXFileReference; lastKnownFileType = image.png; path = BackgroundBirdyCatchv1.png; sourceTree = "<group>"; };
		3886B3261B209B6B009C6BFA /* hunter.png */ = {isa = PBXFileReference; lastKnownFileType = image.png; path = hunter.png; sourceTree = "<group>"; };
/* End PBXFileReference section */

/* Begin PBXFrameworksBuildPhase section */
		3811431C1B1CCFCE00EAFFA3 /* Frameworks */ = {
			isa = PBXFrameworksBuildPhase;
			buildActionMask = 2147483647;
			files = (
				381143491B1CCFE900EAFFA3 /* SpriteKit.framework in Frameworks */,
			);
			runOnlyForDeploymentPostprocessing = 0;
		};
		381143351B1CCFCE00EAFFA3 /* Frameworks */ = {
			isa = PBXFrameworksBuildPhase;
			buildActionMask = 2147483647;
			files = (
			);
			runOnlyForDeploymentPostprocessing = 0;
		};
/* End PBXFrameworksBuildPhase section */

/* Begin PBXGroup section */
		381143161B1CCFCE00EAFFA3 = {
			isa = PBXGroup;
			children = (
				3886B3191B2089F1009C6BFA /* Sounds */,
				3886B2BF1B1E3F69009C6BFA /* BirdyCatchResources */,
				381143481B1CCFE900EAFFA3 /* SpriteKit.framework */,
				381143211B1CCFCE00EAFFA3 /* BirdyCatchv1 */,
				3811433B1B1CCFCE00EAFFA3 /* BirdyCatchv1Tests */,
				381143201B1CCFCE00EAFFA3 /* Products */,
			);
			sourceTree = "<group>";
		};
		381143201B1CCFCE00EAFFA3 /* Products */ = {
			isa = PBXGroup;
			children = (
				3811431F1B1CCFCE00EAFFA3 /* BirdyCatchv1.app */,
				381143381B1CCFCE00EAFFA3 /* BirdyCatchv1Tests.xctest */,
			);
			name = Products;
			sourceTree = "<group>";
		};
		381143211B1CCFCE00EAFFA3 /* BirdyCatchv1 */ = {
			isa = PBXGroup;
			children = (
				381143261B1CCFCE00EAFFA3 /* AppDelegate.h */,
				381143271B1CCFCE00EAFFA3 /* AppDelegate.m */,
				381143291B1CCFCE00EAFFA3 /* ViewController.h */,
				3811432A1B1CCFCE00EAFFA3 /* ViewController.m */,
				3811432C1B1CCFCE00EAFFA3 /* Main.storyboard */,
				3811432F1B1CCFCE00EAFFA3 /* Images.xcassets */,
				381143311B1CCFCE00EAFFA3 /* LaunchScreen.xib */,
				381143221B1CCFCE00EAFFA3 /* Supporting Files */,
				3886B2B61B1E3B85009C6BFA /* StartScene.h */,
				3886B2B71B1E3B85009C6BFA /* StartScene.m */,
				3886B2BC1B1E3E5B009C6BFA /* GameScene.h */,
				3886B2BD1B1E3E5B009C6BFA /* GameScene.m */,
			);
			path = BirdyCatchv1;
			sourceTree = "<group>";
		};
		381143221B1CCFCE00EAFFA3 /* Supporting Files */ = {
			isa = PBXGroup;
			children = (
				381143231B1CCFCE00EAFFA3 /* Info.plist */,
				381143241B1CCFCE00EAFFA3 /* main.m */,
			);
			name = "Supporting Files";
			sourceTree = "<group>";
		};
		3811433B1B1CCFCE00EAFFA3 /* BirdyCatchv1Tests */ = {
			isa = PBXGroup;
			children = (
				3811433E1B1CCFCE00EAFFA3 /* BirdyCatchv1Tests.m */,
				3811433C1B1CCFCE00EAFFA3 /* Supporting Files */,
			);
			path = BirdyCatchv1Tests;
			sourceTree = "<group>";
		};
		3811433C1B1CCFCE00EAFFA3 /* Supporting Files */ = {
			isa = PBXGroup;
			children = (
				3811433D1B1CCFCE00EAFFA3 /* Info.plist */,
			);
			name = "Supporting Files";
			sourceTree = "<group>";
		};
		3886B2BF1B1E3F69009C6BFA /* BirdyCatchResources */ = {
			isa = PBXGroup;
			children = (
				3886B3241B2096B4009C6BFA /* BackgroundBirdyCatchv1.png */,
				3886B3091B1F2D9D009C6BFA /* cloudyBG.jpg */,
				3886B3171B2088B2009C6BFA /* webbing.png */,
				3886B3261B209B6B009C6BFA /* hunter.png */,
				3886B3071B1F2BDB009C6BFA /* green_grass.jpg */,
				3886B2C11B1E3F69009C6BFA /* birdy_green.png */,
			);
			path = BirdyCatchResources;
			sourceTree = "<group>";
		};
		3886B3191B2089F1009C6BFA /* Sounds */ = {
			isa = PBXGroup;
			children = (
				3886B31E1B208A90009C6BFA /* bulletSound.mp3 */,
				3886B3221B208D3E009C6BFA /* contact.mp3 */,
				3886B3201B208C48009C6BFA /* backgroundMusic.mp3 */,
			);
			path = Sounds;
			sourceTree = "<group>";
		};
/* End PBXGroup section */

/* Begin PBXNativeTarget section */
		3811431E1B1CCFCE00EAFFA3 /* BirdyCatchv1 */ = {
			isa = PBXNativeTarget;
			buildConfigurationList = 381143421B1CCFCE00EAFFA3 /* Build configuration list for PBXNativeTarget "BirdyCatchv1" */;
			buildPhases = (
				3811431B1B1CCFCE00EAFFA3 /* Sources */,
				3811431C1B1CCFCE00EAFFA3 /* Frameworks */,
				3811431D1B1CCFCE00EAFFA3 /* Resources */,
			);
			buildRules = (
			);
			dependencies = (
			);
			name = BirdyCatchv1;
			productName = BirdyCatchv1;
			productReference = 3811431F1B1CCFCE00EAFFA3 /* BirdyCatchv1.app */;
			productType = "com.apple.product-type.application";
		};
		381143371B1CCFCE00EAFFA3 /* BirdyCatchv1Tests */ = {
			isa = PBXNativeTarget;
			buildConfigurationList = 381143451B1CCFCE00EAFFA3 /* Build configuration list for PBXNativeTarget "BirdyCatchv1Tests" */;
			buildPhases = (
				381143341B1CCFCE00EAFFA3 /* Sources */,
				381143351B1CCFCE00EAFFA3 /* Frameworks */,
				381143361B1CCFCE00EAFFA3 /* Resources */,
			);
			buildRules = (
			);
			dependencies = (
				3811433A1B1CCFCE00EAFFA3 /* PBXTargetDependency */,
			);
			name = BirdyCatchv1Tests;
			productName = BirdyCatchv1Tests;
			productReference = 381143381B1CCFCE00EAFFA3 /* BirdyCatchv1Tests.xctest */;
			productType = "com.apple.product-type.bundle.unit-test";
		};
/* End PBXNativeTarget section */

/* Begin PBXProject section */
		381143171B1CCFCE00EAFFA3 /* Project object */ = {
			isa = PBXProject;
			attributes = {
				CLASSPREFIX = Sprite;
				LastUpgradeCheck = 0630;
				ORGANIZATIONNAME = "Brian Stacks";
				TargetAttributes = {
					3811431E1B1CCFCE00EAFFA3 = {
						CreatedOnToolsVersion = 6.3.2;
					};
					381143371B1CCFCE00EAFFA3 = {
						CreatedOnToolsVersion = 6.3.2;
						TestTargetID = 3811431E1B1CCFCE00EAFFA3;
					};
				};
			};
			buildConfigurationList = 3811431A1B1CCFCE00EAFFA3 /* Build configuration list for PBXProject "BirdyCatchv1" */;
			compatibilityVersion = "Xcode 3.2";
			developmentRegion = English;
			hasScannedForEncodings = 0;
			knownRegions = (
				en,
				Base,
			);
			mainGroup = 381143161B1CCFCE00EAFFA3;
			productRefGroup = 381143201B1CCFCE00EAFFA3 /* Products */;
			projectDirPath = "";
			projectRoot = "";
			targets = (
				3811431E1B1CCFCE00EAFFA3 /* BirdyCatchv1 */,
				381143371B1CCFCE00EAFFA3 /* BirdyCatchv1Tests */,
			);
		};
/* End PBXProject section */

/* Begin PBXResourcesBuildPhase section */
		3811431D1B1CCFCE00EAFFA3 /* Resources */ = {
			isa = PBXResourcesBuildPhase;
			buildActionMask = 2147483647;
			files = (
				3886B3231B208D3E009C6BFA /* contact.mp3 in Resources */,
				3886B3251B2096B4009C6BFA /* BackgroundBirdyCatchv1.png in Resources */,
				3886B30A1B1F2D9D009C6BFA /* cloudyBG.jpg in Resources */,
				3811432E1B1CCFCE00EAFFA3 /* Main.storyboard in Resources */,
				381143331B1CCFCE00EAFFA3 /* LaunchScreen.xib in Resources */,
				3886B3181B2088B2009C6BFA /* webbing.png in Resources */,
				3886B3211B208C48009C6BFA /* backgroundMusic.mp3 in Resources */,
				3886B3271B209B6B009C6BFA /* hunter.png in Resources */,
				3886B2C81B1E3F69009C6BFA /* birdy_green.png in Resources */,
				381143301B1CCFCE00EAFFA3 /* Images.xcassets in Resources */,
				3886B31F1B208A90009C6BFA /* bulletSound.mp3 in Resources */,
				3886B3081B1F2BDB009C6BFA /* green_grass.jpg in Resources */,
			);
			runOnlyForDeploymentPostprocessing = 0;
		};
		381143361B1CCFCE00EAFFA3 /* Resources */ = {
			isa = PBXResourcesBuildPhase;
			buildActionMask = 2147483647;
			files = (
			);
			runOnlyForDeploymentPostprocessing = 0;
		};
/* End PBXResourcesBuildPhase section */

/* Begin PBXSourcesBuildPhase section */
		3811431B1B1CCFCE00EAFFA3 /* Sources */ = {
			isa = PBXSourcesBuildPhase;
			buildActionMask = 2147483647;
			files = (
				3811432B1B1CCFCE00EAFFA3 /* ViewController.m in Sources */,
				381143281B1CCFCE00EAFFA3 /* AppDelegate.m in Sources */,
				3886B2BE1B1E3E5B009C6BFA /* GameScene.m in Sources */,
				381143251B1CCFCE00EAFFA3 /* main.m in Sources */,
				3886B2B81B1E3B85009C6BFA /* StartScene.m in Sources */,
			);
			runOnlyForDeploymentPostprocessing = 0;
		};
		381143341B1CCFCE00EAFFA3 /* Sources */ = {
			isa = PBXSourcesBuildPhase;
			buildActionMask = 2147483647;
			files = (
				3811433F1B1CCFCE00EAFFA3 /* BirdyCatchv1Tests.m in Sources */,
			);
			runOnlyForDeploymentPostprocessing = 0;
		};
/* End PBXSourcesBuildPhase section */

/* Begin PBXTargetDependency section */
		3811433A1B1CCFCE00EAFFA3 /* PBXTargetDependency */ = {
			isa = PBXTargetDependency;
			target = 3811431E1B1CCFCE00EAFFA3 /* BirdyCatchv1 */;
			targetProxy = 381143391B1CCFCE00EAFFA3 /* PBXContainerItemProxy */;
		};
/* End PBXTargetDependency section */

/* Begin PBXVariantGroup section */
		3811432C1B1CCFCE00EAFFA3 /* Main.storyboard */ = {
			isa = PBXVariantGroup;
			children = (
				3811432D1B1CCFCE00EAFFA3 /* Base */,
			);
			name = Main.storyboard;
			sourceTree = "<group>";
		};
		381143311B1CCFCE00EAFFA3 /* LaunchScreen.xib */ = {
			isa = PBXVariantGroup;
			children = (
				381143321B1CCFCE00EAFFA3 /* Base */,
			);
			name = LaunchScreen.xib;
			sourceTree = "<group>";
		};
/* End PBXVariantGroup section */

/* Begin XCBuildConfiguration section */
		381143401B1CCFCE00EAFFA3 /* Debug */ = {
			isa = XCBuildConfiguration;
			buildSettings = {
				ALWAYS_SEARCH_USER_PATHS = NO;
				CLANG_CXX_LANGUAGE_STANDARD = "gnu++0x";
				CLANG_CXX_LIBRARY = "libc++";
				CLANG_ENABLE_MODULES = YES;
				CLANG_ENABLE_OBJC_ARC = YES;
				CLANG_WARN_BOOL_CONVERSION = YES;
				CLANG_WARN_CONSTANT_CONVERSION = YES;
				CLANG_WARN_DIRECT_OBJC_ISA_USAGE = YES_ERROR;
				CLANG_WARN_EMPTY_BODY = YES;
				CLANG_WARN_ENUM_CONVERSION = YES;
				CLANG_WARN_INT_CONVERSION = YES;
				CLANG_WARN_OBJC_ROOT_CLASS = YES_ERROR;
				CLANG_WARN_UNREACHABLE_CODE = YES;
				CLANG_WARN__DUPLICATE_METHOD_MATCH = YES;
				"CODE_SIGN_IDENTITY[sdk=iphoneos*]" = "iPhone Developer";
				COPY_PHASE_STRIP = NO;
				DEBUG_INFORMATION_FORMAT = "dwarf-with-dsym";
				ENABLE_STRICT_OBJC_MSGSEND = YES;
				GCC_C_LANGUAGE_STANDARD = gnu99;
				GCC_DYNAMIC_NO_PIC = NO;
				GCC_NO_COMMON_BLOCKS = YES;
				GCC_OPTIMIZATION_LEVEL = 0;
				GCC_PREPROCESSOR_DEFINITIONS = (
					"DEBUG=1",
					"$(inherited)",
				);
				GCC_SYMBOLS_PRIVATE_EXTERN = NO;
				GCC_WARN_64_TO_32_BIT_CONVERSION = YES;
				GCC_WARN_ABOUT_RETURN_TYPE = YES_ERROR;
				GCC_WARN_UNDECLARED_SELECTOR = YES;
				GCC_WARN_UNINITIALIZED_AUTOS = YES_AGGRESSIVE;
				GCC_WARN_UNUSED_FUNCTION = YES;
				GCC_WARN_UNUSED_VARIABLE = YES;
				IPHONEOS_DEPLOYMENT_TARGET = 8.3;
				MTL_ENABLE_DEBUG_INFO = YES;
				ONLY_ACTIVE_ARCH = YES;
				SDKROOT = iphoneos;
				TARGETED_DEVICE_FAMILY = 2;
			};
			name = Debug;
		};
		381143411B1CCFCE00EAFFA3 /* Release */ = {
			isa = XCBuildConfiguration;
			buildSettings = {
				ALWAYS_SEARCH_USER_PATHS = NO;
				CLANG_CXX_LANGUAGE_STANDARD = "gnu++0x";
				CLANG_CXX_LIBRARY = "libc++";
				CLANG_ENABLE_MODULES = YES;
				CLANG_ENABLE_OBJC_ARC = YES;
				CLANG_WARN_BOOL_CONVERSION = YES;
				CLANG_WARN_CONSTANT_CONVERSION = YES;
				CLANG_WARN_DIRECT_OBJC_ISA_USAGE = YES_ERROR;
				CLANG_WARN_EMPTY_BODY = YES;
				CLANG_WARN_ENUM_CONVERSION = YES;
				CLANG_WARN_INT_CONVERSION = YES;
				CLANG_WARN_OBJC_ROOT_CLASS = YES_ERROR;
				CLANG_WARN_UNREACHABLE_CODE = YES;
				CLANG_WARN__DUPLICATE_METHOD_MATCH = YES;
				"CODE_SIGN_IDENTITY[sdk=iphoneos*]" = "iPhone Developer";
				COPY_PHASE_STRIP = NO;
				DEBUG_INFORMATION_FORMAT = "dwarf-with-dsym";
				ENABLE_NS_ASSERTIONS = NO;
				ENABLE_STRICT_OBJC_MSGSEND = YES;
				GCC_C_LANGUAGE_STANDARD = gnu99;
				GCC_NO_COMMON_BLOCKS = YES;
				GCC_WARN_64_TO_32_BIT_CONVERSION = YES;
				GCC_WARN_ABOUT_RETURN_TYPE = YES_ERROR;
				GCC_WARN_UNDECLARED_SELECTOR = YES;
				GCC_WARN_UNINITIALIZED_AUTOS = YES_AGGRESSIVE;
				GCC_WARN_UNUSED_FUNCTION = YES;
				GCC_WARN_UNUSED_VARIABLE = YES;
				IPHONEOS_DEPLOYMENT_TARGET = 8.3;
				MTL_ENABLE_DEBUG_INFO = NO;
				SDKROOT = iphoneos;
				TARGETED_DEVICE_FAMILY = 2;
				VALIDATE_PRODUCT = YES;
			};
			name = Release;
		};
		381143431B1CCFCE00EAFFA3 /* Debug */ = {
			isa = XCBuildConfiguration;
			buildSettings = {
				ASSETCATALOG_COMPILER_APPICON_NAME = AppIcon;
				INFOPLIST_FILE = BirdyCatchv1/Info.plist;
				LD_RUNPATH_SEARCH_PATHS = "$(inherited) @executable_path/Frameworks";
				PRODUCT_NAME = "$(TARGET_NAME)";
			};
			name = Debug;
		};
		381143441B1CCFCE00EAFFA3 /* Release */ = {
			isa = XCBuildConfiguration;
			buildSettings = {
				ASSETCATALOG_COMPILER_APPICON_NAME = AppIcon;
				INFOPLIST_FILE = BirdyCatchv1/Info.plist;
				LD_RUNPATH_SEARCH_PATHS = "$(inherited) @executable_path/Frameworks";
				PRODUCT_NAME = "$(TARGET_NAME)";
			};
			name = Release;
		};
		381143461B1CCFCE00EAFFA3 /* Debug */ = {
			isa = XCBuildConfiguration;
			buildSettings = {
				BUNDLE_LOADER = "$(TEST_HOST)";
				FRAMEWORK_SEARCH_PATHS = (
					"$(SDKROOT)/Developer/Library/Frameworks",
					"$(inherited)",
				);
				GCC_PREPROCESSOR_DEFINITIONS = (
					"DEBUG=1",
					"$(inherited)",
				);
				INFOPLIST_FILE = BirdyCatchv1Tests/Info.plist;
				LD_RUNPATH_SEARCH_PATHS = "$(inherited) @executable_path/Frameworks @loader_path/Frameworks";
				PRODUCT_NAME = "$(TARGET_NAME)";
				TEST_HOST = "$(BUILT_PRODUCTS_DIR)/BirdyCatchv1.app/BirdyCatchv1";
			};
			name = Debug;
		};
		381143471B1CCFCE00EAFFA3 /* Release */ = {
			isa = XCBuildConfiguration;
			buildSettings = {
				BUNDLE_LOADER = "$(TEST_HOST)";
				FRAMEWORK_SEARCH_PATHS = (
					"$(SDKROOT)/Developer/Library/Frameworks",
					"$(inherited)",
				);
				INFOPLIST_FILE = BirdyCatchv1Tests/Info.plist;
				LD_RUNPATH_SEARCH_PATHS = "$(inherited) @executable_path/Frameworks @loader_path/Frameworks";
				PRODUCT_NAME = "$(TARGET_NAME)";
				TEST_HOST = "$(BUILT_PRODUCTS_DIR)/BirdyCatchv1.app/BirdyCatchv1";
			};
			name = Release;
		};
/* End XCBuildConfiguration section */

/* Begin XCConfigurationList section */
		3811431A1B1CCFCE00EAFFA3 /* Build configuration list for PBXProject "BirdyCatchv1" */ = {
			isa = XCConfigurationList;
			buildConfigurations = (
				381143401B1CCFCE00EAFFA3 /* Debug */,
				381143411B1CCFCE00EAFFA3 /* Release */,
			);
			defaultConfigurationIsVisible = 0;
			defaultConfigurationName = Release;
		};
		381143421B1CCFCE00EAFFA3 /* Build configuration list for PBXNativeTarget "BirdyCatchv1" */ = {
			isa = XCConfigurationList;
			buildConfigurations = (
				381143431B1CCFCE00EAFFA3 /* Debug */,
				381143441B1CCFCE00EAFFA3 /* Release */,
			);
			defaultConfigurationIsVisible = 0;
			defaultConfigurationName = Release;
		};
		381143451B1CCFCE00EAFFA3 /* Build configuration list for PBXNativeTarget "BirdyCatchv1Tests" */ = {
			isa = XCConfigurationList;
			buildConfigurations = (
				381143461B1CCFCE00EAFFA3 /* Debug */,
				381143471B1CCFCE00EAFFA3 /* Release */,
			);
			defaultConfigurationIsVisible = 0;
			defaultConfigurationName = Release;
		};
/* End XCConfigurationList section */
	};
	rootObject = 381143171B1CCFCE00EAFFA3 /* Project object */;
}
