// !$*UTF8*$!
{
	archiveVersion = 1;
	classes = {
	};
	objectVersion = 46;
	objects = {

/* Begin PBXBuildFile section */
		3886B2541B1E1C04009C6BFA /* AppDelegate.swift in Sources */ = {isa = PBXBuildFile; fileRef = 3886B2531B1E1C04009C6BFA /* AppDelegate.swift */; };
		3886B2581B1E1C04009C6BFA /* GameScene.swift in Sources */ = {isa = PBXBuildFile; fileRef = 3886B2571B1E1C04009C6BFA /* GameScene.swift */; };
		3886B25A1B1E1C04009C6BFA /* GameViewController.swift in Sources */ = {isa = PBXBuildFile; fileRef = 3886B2591B1E1C04009C6BFA /* GameViewController.swift */; };
		3886B25D1B1E1C04009C6BFA /* Main.storyboard in Resources */ = {isa = PBXBuildFile; fileRef = 3886B25B1B1E1C04009C6BFA /* Main.storyboard */; };
		3886B25F1B1E1C04009C6BFA /* Images.xcassets in Resources */ = {isa = PBXBuildFile; fileRef = 3886B25E1B1E1C04009C6BFA /* Images.xcassets */; };
		3886B2621B1E1C04009C6BFA /* LaunchScreen.xib in Resources */ = {isa = PBXBuildFile; fileRef = 3886B2601B1E1C04009C6BFA /* LaunchScreen.xib */; };
		3886B26E1B1E1C04009C6BFA /* SpriteKitSimpleGameTests.swift in Sources */ = {isa = PBXBuildFile; fileRef = 3886B26D1B1E1C04009C6BFA /* SpriteKitSimpleGameTests.swift */; };
		3886B27C1B1E1D5F009C6BFA /* background-music-aac.caf in Resources */ = {isa = PBXBuildFile; fileRef = 3886B2791B1E1D5F009C6BFA /* background-music-aac.caf */; };
		3886B27D1B1E1D5F009C6BFA /* pew-pew-lei.caf in Resources */ = {isa = PBXBuildFile; fileRef = 3886B27A1B1E1D5F009C6BFA /* pew-pew-lei.caf */; };
		3886B27E1B1E1D5F009C6BFA /* sprites.atlas in Resources */ = {isa = PBXBuildFile; fileRef = 3886B27B1B1E1D5F009C6BFA /* sprites.atlas */; };
/* End PBXBuildFile section */

/* Begin PBXContainerItemProxy section */
		3886B2681B1E1C04009C6BFA /* PBXContainerItemProxy */ = {
			isa = PBXContainerItemProxy;
			containerPortal = 3886B2461B1E1C04009C6BFA /* Project object */;
			proxyType = 1;
			remoteGlobalIDString = 3886B24D1B1E1C04009C6BFA;
			remoteInfo = SpriteKitSimpleGame;
		};
/* End PBXContainerItemProxy section */

/* Begin PBXFileReference section */
		3886B24E1B1E1C04009C6BFA /* SpriteKitSimpleGame.app */ = {isa = PBXFileReference; explicitFileType = wrapper.application; includeInIndex = 0; path = SpriteKitSimpleGame.app; sourceTree = BUILT_PRODUCTS_DIR; };
		3886B2521B1E1C04009C6BFA /* Info.plist */ = {isa = PBXFileReference; lastKnownFileType = text.plist.xml; path = Info.plist; sourceTree = "<group>"; };
		3886B2531B1E1C04009C6BFA /* AppDelegate.swift */ = {isa = PBXFileReference; lastKnownFileType = sourcecode.swift; path = AppDelegate.swift; sourceTree = "<group>"; };
		3886B2571B1E1C04009C6BFA /* GameScene.swift */ = {isa = PBXFileReference; lastKnownFileType = sourcecode.swift; path = GameScene.swift; sourceTree = "<group>"; };
		3886B2591B1E1C04009C6BFA /* GameViewController.swift */ = {isa = PBXFileReference; lastKnownFileType = sourcecode.swift; path = GameViewController.swift; sourceTree = "<group>"; };
		3886B25C1B1E1C04009C6BFA /* Base */ = {isa = PBXFileReference; lastKnownFileType = file.storyboard; name = Base; path = Base.lproj/Main.storyboard; sourceTree = "<group>"; };
		3886B25E1B1E1C04009C6BFA /* Images.xcassets */ = {isa = PBXFileReference; lastKnownFileType = folder.assetcatalog; path = Images.xcassets; sourceTree = "<group>"; };
		3886B2611B1E1C04009C6BFA /* Base */ = {isa = PBXFileReference; lastKnownFileType = file.xib; name = Base; path = Base.lproj/LaunchScreen.xib; sourceTree = "<group>"; };
		3886B2671B1E1C04009C6BFA /* SpriteKitSimpleGameTests.xctest */ = {isa = PBXFileReference; explicitFileType = wrapper.cfbundle; includeInIndex = 0; path = SpriteKitSimpleGameTests.xctest; sourceTree = BUILT_PRODUCTS_DIR; };
		3886B26C1B1E1C04009C6BFA /* Info.plist */ = {isa = PBXFileReference; lastKnownFileType = text.plist.xml; path = Info.plist; sourceTree = "<group>"; };
		3886B26D1B1E1C04009C6BFA /* SpriteKitSimpleGameTests.swift */ = {isa = PBXFileReference; lastKnownFileType = sourcecode.swift; path = SpriteKitSimpleGameTests.swift; sourceTree = "<group>"; };
		3886B2791B1E1D5F009C6BFA /* background-music-aac.caf */ = {isa = PBXFileReference; lastKnownFileType = file; path = "background-music-aac.caf"; sourceTree = "<group>"; };
		3886B27A1B1E1D5F009C6BFA /* pew-pew-lei.caf */ = {isa = PBXFileReference; lastKnownFileType = file; path = "pew-pew-lei.caf"; sourceTree = "<group>"; };
		3886B27B1B1E1D5F009C6BFA /* sprites.atlas */ = {isa = PBXFileReference; lastKnownFileType = folder.skatlas; path = sprites.atlas; sourceTree = "<group>"; };
/* End PBXFileReference section */

/* Begin PBXFrameworksBuildPhase section */
		3886B24B1B1E1C04009C6BFA /* Frameworks */ = {
			isa = PBXFrameworksBuildPhase;
			buildActionMask = 2147483647;
			files = (
			);
			runOnlyForDeploymentPostprocessing = 0;
		};
		3886B2641B1E1C04009C6BFA /* Frameworks */ = {
			isa = PBXFrameworksBuildPhase;
			buildActionMask = 2147483647;
			files = (
			);
			runOnlyForDeploymentPostprocessing = 0;
		};
/* End PBXFrameworksBuildPhase section */

/* Begin PBXGroup section */
		3886B2451B1E1C04009C6BFA = {
			isa = PBXGroup;
			children = (
				3886B2771B1E1D5F009C6BFA /* SpriteKitSimpleGameResources */,
				3886B2501B1E1C04009C6BFA /* SpriteKitSimpleGame */,
				3886B26A1B1E1C04009C6BFA /* SpriteKitSimpleGameTests */,
				3886B24F1B1E1C04009C6BFA /* Products */,
			);
			sourceTree = "<group>";
		};
		3886B24F1B1E1C04009C6BFA /* Products */ = {
			isa = PBXGroup;
			children = (
				3886B24E1B1E1C04009C6BFA /* SpriteKitSimpleGame.app */,
				3886B2671B1E1C04009C6BFA /* SpriteKitSimpleGameTests.xctest */,
			);
			name = Products;
			sourceTree = "<group>";
		};
		3886B2501B1E1C04009C6BFA /* SpriteKitSimpleGame */ = {
			isa = PBXGroup;
			children = (
				3886B2531B1E1C04009C6BFA /* AppDelegate.swift */,
				3886B2571B1E1C04009C6BFA /* GameScene.swift */,
				3886B2591B1E1C04009C6BFA /* GameViewController.swift */,
				3886B25B1B1E1C04009C6BFA /* Main.storyboard */,
				3886B25E1B1E1C04009C6BFA /* Images.xcassets */,
				3886B2601B1E1C04009C6BFA /* LaunchScreen.xib */,
				3886B2511B1E1C04009C6BFA /* Supporting Files */,
			);
			path = SpriteKitSimpleGame;
			sourceTree = "<group>";
		};
		3886B2511B1E1C04009C6BFA /* Supporting Files */ = {
			isa = PBXGroup;
			children = (
				3886B2521B1E1C04009C6BFA /* Info.plist */,
			);
			name = "Supporting Files";
			sourceTree = "<group>";
		};
		3886B26A1B1E1C04009C6BFA /* SpriteKitSimpleGameTests */ = {
			isa = PBXGroup;
			children = (
				3886B26D1B1E1C04009C6BFA /* SpriteKitSimpleGameTests.swift */,
				3886B26B1B1E1C04009C6BFA /* Supporting Files */,
			);
			path = SpriteKitSimpleGameTests;
			sourceTree = "<group>";
		};
		3886B26B1B1E1C04009C6BFA /* Supporting Files */ = {
			isa = PBXGroup;
			children = (
				3886B26C1B1E1C04009C6BFA /* Info.plist */,
			);
			name = "Supporting Files";
			sourceTree = "<group>";
		};
		3886B2771B1E1D5F009C6BFA /* SpriteKitSimpleGameResources */ = {
			isa = PBXGroup;
			children = (
				3886B2781B1E1D5F009C6BFA /* Sounds */,
				3886B27B1B1E1D5F009C6BFA /* sprites.atlas */,
			);
			path = SpriteKitSimpleGameResources;
			sourceTree = "<group>";
		};
		3886B2781B1E1D5F009C6BFA /* Sounds */ = {
			isa = PBXGroup;
			children = (
				3886B2791B1E1D5F009C6BFA /* background-music-aac.caf */,
				3886B27A1B1E1D5F009C6BFA /* pew-pew-lei.caf */,
			);
			path = Sounds;
			sourceTree = "<group>";
		};
/* End PBXGroup section */

/* Begin PBXNativeTarget section */
		3886B24D1B1E1C04009C6BFA /* SpriteKitSimpleGame */ = {
			isa = PBXNativeTarget;
			buildConfigurationList = 3886B2711B1E1C04009C6BFA /* Build configuration list for PBXNativeTarget "SpriteKitSimpleGame" */;
			buildPhases = (
				3886B24A1B1E1C04009C6BFA /* Sources */,
				3886B24B1B1E1C04009C6BFA /* Frameworks */,
				3886B24C1B1E1C04009C6BFA /* Resources */,
			);
			buildRules = (
			);
			dependencies = (
			);
			name = SpriteKitSimpleGame;
			productName = SpriteKitSimpleGame;
			productReference = 3886B24E1B1E1C04009C6BFA /* SpriteKitSimpleGame.app */;
			productType = "com.apple.product-type.application";
		};
		3886B2661B1E1C04009C6BFA /* SpriteKitSimpleGameTests */ = {
			isa = PBXNativeTarget;
			buildConfigurationList = 3886B2741B1E1C04009C6BFA /* Build configuration list for PBXNativeTarget "SpriteKitSimpleGameTests" */;
			buildPhases = (
				3886B2631B1E1C04009C6BFA /* Sources */,
				3886B2641B1E1C04009C6BFA /* Frameworks */,
				3886B2651B1E1C04009C6BFA /* Resources */,
			);
			buildRules = (
			);
			dependencies = (
				3886B2691B1E1C04009C6BFA /* PBXTargetDependency */,
			);
			name = SpriteKitSimpleGameTests;
			productName = SpriteKitSimpleGameTests;
			productReference = 3886B2671B1E1C04009C6BFA /* SpriteKitSimpleGameTests.xctest */;
			productType = "com.apple.product-type.bundle.unit-test";
		};
/* End PBXNativeTarget section */

/* Begin PBXProject section */
		3886B2461B1E1C04009C6BFA /* Project object */ = {
			isa = PBXProject;
			attributes = {
				LastUpgradeCheck = 0630;
				ORGANIZATIONNAME = "Brian Stacks";
				TargetAttributes = {
					3886B24D1B1E1C04009C6BFA = {
						CreatedOnToolsVersion = 6.3.2;
					};
					3886B2661B1E1C04009C6BFA = {
						CreatedOnToolsVersion = 6.3.2;
						TestTargetID = 3886B24D1B1E1C04009C6BFA;
					};
				};
			};
			buildConfigurationList = 3886B2491B1E1C04009C6BFA /* Build configuration list for PBXProject "SpriteKitSimpleGame" */;
			compatibilityVersion = "Xcode 3.2";
			developmentRegion = English;
			hasScannedForEncodings = 0;
			knownRegions = (
				en,
				Base,
			);
			mainGroup = 3886B2451B1E1C04009C6BFA;
			productRefGroup = 3886B24F1B1E1C04009C6BFA /* Products */;
			projectDirPath = "";
			projectRoot = "";
			targets = (
				3886B24D1B1E1C04009C6BFA /* SpriteKitSimpleGame */,
				3886B2661B1E1C04009C6BFA /* SpriteKitSimpleGameTests */,
			);
		};
/* End PBXProject section */

/* Begin PBXResourcesBuildPhase section */
		3886B24C1B1E1C04009C6BFA /* Resources */ = {
			isa = PBXResourcesBuildPhase;
			buildActionMask = 2147483647;
			files = (
				3886B27C1B1E1D5F009C6BFA /* background-music-aac.caf in Resources */,
				3886B2621B1E1C04009C6BFA /* LaunchScreen.xib in Resources */,
				3886B25F1B1E1C04009C6BFA /* Images.xcassets in Resources */,
				3886B27D1B1E1D5F009C6BFA /* pew-pew-lei.caf in Resources */,
				3886B27E1B1E1D5F009C6BFA /* sprites.atlas in Resources */,
				3886B25D1B1E1C04009C6BFA /* Main.storyboard in Resources */,
			);
			runOnlyForDeploymentPostprocessing = 0;
		};
		3886B2651B1E1C04009C6BFA /* Resources */ = {
			isa = PBXResourcesBuildPhase;
			buildActionMask = 2147483647;
			files = (
			);
			runOnlyForDeploymentPostprocessing = 0;
		};
/* End PBXResourcesBuildPhase section */

/* Begin PBXSourcesBuildPhase section */
		3886B24A1B1E1C04009C6BFA /* Sources */ = {
			isa = PBXSourcesBuildPhase;
			buildActionMask = 2147483647;
			files = (
				3886B2581B1E1C04009C6BFA /* GameScene.swift in Sources */,
				3886B25A1B1E1C04009C6BFA /* GameViewController.swift in Sources */,
				3886B2541B1E1C04009C6BFA /* AppDelegate.swift in Sources */,
			);
			runOnlyForDeploymentPostprocessing = 0;
		};
		3886B2631B1E1C04009C6BFA /* Sources */ = {
			isa = PBXSourcesBuildPhase;
			buildActionMask = 2147483647;
			files = (
				3886B26E1B1E1C04009C6BFA /* SpriteKitSimpleGameTests.swift in Sources */,
			);
			runOnlyForDeploymentPostprocessing = 0;
		};
/* End PBXSourcesBuildPhase section */

/* Begin PBXTargetDependency section */
		3886B2691B1E1C04009C6BFA /* PBXTargetDependency */ = {
			isa = PBXTargetDependency;
			target = 3886B24D1B1E1C04009C6BFA /* SpriteKitSimpleGame */;
			targetProxy = 3886B2681B1E1C04009C6BFA /* PBXContainerItemProxy */;
		};
/* End PBXTargetDependency section */

/* Begin PBXVariantGroup section */
		3886B25B1B1E1C04009C6BFA /* Main.storyboard */ = {
			isa = PBXVariantGroup;
			children = (
				3886B25C1B1E1C04009C6BFA /* Base */,
			);
			name = Main.storyboard;
			sourceTree = "<group>";
		};
		3886B2601B1E1C04009C6BFA /* LaunchScreen.xib */ = {
			isa = PBXVariantGroup;
			children = (
				3886B2611B1E1C04009C6BFA /* Base */,
			);
			name = LaunchScreen.xib;
			sourceTree = "<group>";
		};
/* End PBXVariantGroup section */

/* Begin XCBuildConfiguration section */
		3886B26F1B1E1C04009C6BFA /* Debug */ = {
			isa = XCBuildConfiguration;
			buildSettings = {
				ALWAYS_SEARCH_USER_PATHS = NO;
				CLANG_CXX_LANGUAGE_STANDARD = "gnu++0x";
				CLANG_CXX_LIBRARY = "libc++";
				CLANG_ENABLE_MODULES = YES;
				CLANG_ENABLE_OBJC_ARC = YES;
				CLANG_WARN_BOOL_CONVERSION = YES;
				CLANG_WARN_CONSTANT_CONVERSION = YES;
				CLANG_WARN_DIRECT_OBJC_ISA_USAGE = YES_ERROR;
				CLANG_WARN_EMPTY_BODY = YES;
				CLANG_WARN_ENUM_CONVERSION = YES;
				CLANG_WARN_INT_CONVERSION = YES;
				CLANG_WARN_OBJC_ROOT_CLASS = YES_ERROR;
				CLANG_WARN_UNREACHABLE_CODE = YES;
				CLANG_WARN__DUPLICATE_METHOD_MATCH = YES;
				"CODE_SIGN_IDENTITY[sdk=iphoneos*]" = "iPhone Developer";
				COPY_PHASE_STRIP = NO;
				DEBUG_INFORMATION_FORMAT = "dwarf-with-dsym";
				ENABLE_STRICT_OBJC_MSGSEND = YES;
				GCC_C_LANGUAGE_STANDARD = gnu99;
				GCC_DYNAMIC_NO_PIC = NO;
				GCC_NO_COMMON_BLOCKS = YES;
				GCC_OPTIMIZATION_LEVEL = 0;
				GCC_PREPROCESSOR_DEFINITIONS = (
					"DEBUG=1",
					"$(inherited)",
				);
				GCC_SYMBOLS_PRIVATE_EXTERN = NO;
				GCC_WARN_64_TO_32_BIT_CONVERSION = YES;
				GCC_WARN_ABOUT_RETURN_TYPE = YES_ERROR;
				GCC_WARN_UNDECLARED_SELECTOR = YES;
				GCC_WARN_UNINITIALIZED_AUTOS = YES_AGGRESSIVE;
				GCC_WARN_UNUSED_FUNCTION = YES;
				GCC_WARN_UNUSED_VARIABLE = YES;
				IPHONEOS_DEPLOYMENT_TARGET = 8.3;
				MTL_ENABLE_DEBUG_INFO = YES;
				ONLY_ACTIVE_ARCH = YES;
				SDKROOT = iphoneos;
				SWIFT_OPTIMIZATION_LEVEL = "-Onone";
			};
			name = Debug;
		};
		3886B2701B1E1C04009C6BFA /* Release */ = {
			isa = XCBuildConfiguration;
			buildSettings = {
				ALWAYS_SEARCH_USER_PATHS = NO;
				CLANG_CXX_LANGUAGE_STANDARD = "gnu++0x";
				CLANG_CXX_LIBRARY = "libc++";
				CLANG_ENABLE_MODULES = YES;
				CLANG_ENABLE_OBJC_ARC = YES;
				CLANG_WARN_BOOL_CONVERSION = YES;
				CLANG_WARN_CONSTANT_CONVERSION = YES;
				CLANG_WARN_DIRECT_OBJC_ISA_USAGE = YES_ERROR;
				CLANG_WARN_EMPTY_BODY = YES;
				CLANG_WARN_ENUM_CONVERSION = YES;
				CLANG_WARN_INT_CONVERSION = YES;
				CLANG_WARN_OBJC_ROOT_CLASS = YES_ERROR;
				CLANG_WARN_UNREACHABLE_CODE = YES;
				CLANG_WARN__DUPLICATE_METHOD_MATCH = YES;
				"CODE_SIGN_IDENTITY[sdk=iphoneos*]" = "iPhone Developer";
				COPY_PHASE_STRIP = NO;
				DEBUG_INFORMATION_FORMAT = "dwarf-with-dsym";
				ENABLE_NS_ASSERTIONS = NO;
				ENABLE_STRICT_OBJC_MSGSEND = YES;
				GCC_C_LANGUAGE_STANDARD = gnu99;
				GCC_NO_COMMON_BLOCKS = YES;
				GCC_WARN_64_TO_32_BIT_CONVERSION = YES;
				GCC_WARN_ABOUT_RETURN_TYPE = YES_ERROR;
				GCC_WARN_UNDECLARED_SELECTOR = YES;
				GCC_WARN_UNINITIALIZED_AUTOS = YES_AGGRESSIVE;
				GCC_WARN_UNUSED_FUNCTION = YES;
				GCC_WARN_UNUSED_VARIABLE = YES;
				IPHONEOS_DEPLOYMENT_TARGET = 8.3;
				MTL_ENABLE_DEBUG_INFO = NO;
				SDKROOT = iphoneos;
				VALIDATE_PRODUCT = YES;
			};
			name = Release;
		};
		3886B2721B1E1C04009C6BFA /* Debug */ = {
			isa = XCBuildConfiguration;
			buildSettings = {
				ASSETCATALOG_COMPILER_APPICON_NAME = AppIcon;
				INFOPLIST_FILE = SpriteKitSimpleGame/Info.plist;
				LD_RUNPATH_SEARCH_PATHS = "$(inherited) @executable_path/Frameworks";
				PRODUCT_NAME = "$(TARGET_NAME)";
			};
			name = Debug;
		};
		3886B2731B1E1C04009C6BFA /* Release */ = {
			isa = XCBuildConfiguration;
			buildSettings = {
				ASSETCATALOG_COMPILER_APPICON_NAME = AppIcon;
				INFOPLIST_FILE = SpriteKitSimpleGame/Info.plist;
				LD_RUNPATH_SEARCH_PATHS = "$(inherited) @executable_path/Frameworks";
				PRODUCT_NAME = "$(TARGET_NAME)";
			};
			name = Release;
		};
		3886B2751B1E1C04009C6BFA /* Debug */ = {
			isa = XCBuildConfiguration;
			buildSettings = {
				BUNDLE_LOADER = "$(TEST_HOST)";
				FRAMEWORK_SEARCH_PATHS = (
					"$(SDKROOT)/Developer/Library/Frameworks",
					"$(inherited)",
				);
				GCC_PREPROCESSOR_DEFINITIONS = (
					"DEBUG=1",
					"$(inherited)",
				);
				INFOPLIST_FILE = SpriteKitSimpleGameTests/Info.plist;
				LD_RUNPATH_SEARCH_PATHS = "$(inherited) @executable_path/Frameworks @loader_path/Frameworks";
				PRODUCT_NAME = "$(TARGET_NAME)";
				TEST_HOST = "$(BUILT_PRODUCTS_DIR)/SpriteKitSimpleGame.app/SpriteKitSimpleGame";
			};
			name = Debug;
		};
		3886B2761B1E1C04009C6BFA /* Release */ = {
			isa = XCBuildConfiguration;
			buildSettings = {
				BUNDLE_LOADER = "$(TEST_HOST)";
				FRAMEWORK_SEARCH_PATHS = (
					"$(SDKROOT)/Developer/Library/Frameworks",
					"$(inherited)",
				);
				INFOPLIST_FILE = SpriteKitSimpleGameTests/Info.plist;
				LD_RUNPATH_SEARCH_PATHS = "$(inherited) @executable_path/Frameworks @loader_path/Frameworks";
				PRODUCT_NAME = "$(TARGET_NAME)";
				TEST_HOST = "$(BUILT_PRODUCTS_DIR)/SpriteKitSimpleGame.app/SpriteKitSimpleGame";
			};
			name = Release;
		};
/* End XCBuildConfiguration section */

/* Begin XCConfigurationList section */
		3886B2491B1E1C04009C6BFA /* Build configuration list for PBXProject "SpriteKitSimpleGame" */ = {
			isa = XCConfigurationList;
			buildConfigurations = (
				3886B26F1B1E1C04009C6BFA /* Debug */,
				3886B2701B1E1C04009C6BFA /* Release */,
			);
			defaultConfigurationIsVisible = 0;
			defaultConfigurationName = Release;
		};
		3886B2711B1E1C04009C6BFA /* Build configuration list for PBXNativeTarget "SpriteKitSimpleGame" */ = {
			isa = XCConfigurationList;
			buildConfigurations = (
				3886B2721B1E1C04009C6BFA /* Debug */,
				3886B2731B1E1C04009C6BFA /* Release */,
			);
			defaultConfigurationIsVisible = 0;
		};
		3886B2741B1E1C04009C6BFA /* Build configuration list for PBXNativeTarget "SpriteKitSimpleGameTests" */ = {
			isa = XCConfigurationList;
			buildConfigurations = (
				3886B2751B1E1C04009C6BFA /* Debug */,
				3886B2761B1E1C04009C6BFA /* Release */,
			);
			defaultConfigurationIsVisible = 0;
		};
/* End XCConfigurationList section */
	};
	rootObject = 3886B2461B1E1C04009C6BFA /* Project object */;
}
